
Microsoft Visual Studio Solution File, Format Version 12.00
# Visual Studio Version 16
VisualStudioVersion = 16.0.29519.87
MinimumVisualStudioVersion = 10.0.40219.1
Project("{FAE04EC0-301F-11D3-BF4B-00C04F79EFBC}") = "admin", "admin\admin.csproj", "{F1CFDDBC-0FDA-4055-AD28-5765B1E64B9D}"
EndProject
Global
	GlobalSection(SolutionConfigurationPlatforms) = preSolution
		Debug|Any CPU = Debug|Any CPU
		Release|Any CPU = Release|Any CPU
	EndGlobalSection
	GlobalSection(ProjectConfigurationPlatforms) = postSolution
		{F1CFDDBC-0FDA-4055-AD28-5765B1E64B9D}.Debug|Any CPU.ActiveCfg = Debug|Any CPU
		{F1CFDDBC-0FDA-4055-AD28-5765B1E64B9D}.Debug|Any CPU.Build.0 = Debug|Any CPU
		{F1CFDDBC-0FDA-4055-AD28-5765B1E64B9D}.Release|Any CPU.ActiveCfg = Release|Any CPU
		{F1CFDDBC-0FDA-4055-AD28-5765B1E64B9D}.Release|Any CPU.Build.0 = Release|Any CPU
	EndGlobalSection
	GlobalSection(SolutionProperties) = preSolution
		HideSolutionNode = FALSE
	EndGlobalSection
	GlobalSection(ExtensibilityGlobals) = postSolution
		SolutionGuid = {F98CCABD-F546-41D5-AD2D-9EB10C27242F}
	EndGlobalSection
EndGlobal
